{
  "version": 4,
  "terraform_version": "1.2.5",
  "serial": 47,
  "lineage": "63cbe39b-bff0-f5dc-7bad-d397fe2d2b94",
  "outputs": {},
  "resources": [
    {
      "mode": "data",
      "type": "honeycombio_query_specification",
      "name": "query",
      "provider": "provider[\"registry.terraform.io/honeycombio/honeycombio\"]",
      "instances": [
        {
          "schema_version": 0,
          "attributes": {
            "breakdowns": null,
            "calculation": [
              {
                "column": "tps.faraday.requests.components-staging.heroku.tools",
                "op": "AVG"
              }
            ],
            "end_time": null,
            "filter": [
              {
                "column": "component",
                "op": "=",
                "value": "tps",
                "value_boolean": false,
                "value_float": 0,
                "value_integer": 0,
                "value_string": ""
              }
            ],
            "filter_combination": "AND",
            "granularity": null,
            "having": null,
            "id": "3122657477",
            "json": "{\n  \"calculations\": [\n    {\n      \"op\": \"AVG\",\n      \"column\": \"tps.faraday.requests.components-staging.heroku.tools\"\n    }\n  ],\n  \"filters\": [\n    {\n      \"column\": \"component\",\n      \"op\": \"=\",\n      \"value\": \"tps\"\n    }\n  ],\n  \"time_range\": 7200\n}",
            "limit": null,
            "order": null,
            "start_time": null,
            "time_range": 7200
          },
          "sensitive_attributes": []
        }
      ]
    },
    {
      "mode": "managed",
      "type": "honeycombio_board",
      "name": "nlanatta_test",
      "provider": "provider[\"registry.terraform.io/honeycombio/honeycombio\"]",
      "instances": [
        {
          "schema_version": 0,
          "attributes": {
            "description": "AVG of all requests by TPS for the last 2 hrs.",
            "id": "CsMunTP17Pj",
            "name": "[nlanatta-test] Testing",
            "query": [
              {
                "caption": "AVG Requests",
                "dataset": "heroku-metrics-staging",
                "query_annotation_id": "BySg5L3BtXZ",
                "query_id": "sE4NurNf7WM",
                "query_style": "graph"
              }
            ],
            "style": "list"
          },
          "sensitive_attributes": [],
          "private": "bnVsbA==",
          "dependencies": [
            "data.honeycombio_query_specification.query",
            "honeycombio_query.tps_avg_request_query",
            "honeycombio_query_annotation.tps_avg_request_annotation"
          ]
        }
      ]
    },
    {
      "mode": "managed",
      "type": "honeycombio_query",
      "name": "tps_avg_request_query",
      "provider": "provider[\"registry.terraform.io/honeycombio/honeycombio\"]",
      "instances": [
        {
          "schema_version": 0,
          "attributes": {
            "dataset": "heroku-metrics-staging",
            "id": "sE4NurNf7WM",
            "query_json": "{\n  \"calculations\": [\n    {\n      \"op\": \"AVG\",\n      \"column\": \"tps.faraday.requests.components-staging.heroku.tools\"\n    }\n  ],\n  \"filters\": [\n    {\n      \"column\": \"component\",\n      \"op\": \"=\",\n      \"value\": \"tps\"\n    }\n  ],\n  \"time_range\": 7200\n}"
          },
          "sensitive_attributes": [],
          "private": "bnVsbA==",
          "dependencies": [
            "data.honeycombio_query_specification.query"
          ]
        }
      ]
    },
    {
      "mode": "managed",
      "type": "honeycombio_query_annotation",
      "name": "tps_avg_request_annotation",
      "provider": "provider[\"registry.terraform.io/honeycombio/honeycombio\"]",
      "instances": [
        {
          "schema_version": 0,
          "attributes": {
            "dataset": "heroku-metrics-staging",
            "description": "",
            "id": "BySg5L3BtXZ",
            "name": "AVG Requests",
            "query_id": "sE4NurNf7WM"
          },
          "sensitive_attributes": [],
          "private": "bnVsbA==",
          "dependencies": [
            "data.honeycombio_query_specification.query",
            "honeycombio_query.tps_avg_request_query"
          ]
        }
      ]
    }
  ]
}
